// !$*UTF8*$!
{
	archiveVersion = 1;
	classes = {
	};
	objectVersion = 50;
	objects = {

/* Begin PBXBuildFile section */
		1A189B1120E7205200D80DE9 /* AppDelegate.m in Sources */ = {isa = PBXBuildFile; fileRef = 1A189B1020E7205200D80DE9 /* AppDelegate.m */; };
		1A189B1920E7205300D80DE9 /* Assets.xcassets in Resources */ = {isa = PBXBuildFile; fileRef = 1A189B1820E7205300D80DE9 /* Assets.xcassets */; };
		1A189B1F20E7205300D80DE9 /* main.m in Sources */ = {isa = PBXBuildFile; fileRef = 1A189B1E20E7205300D80DE9 /* main.m */; };
		1A189B2920E7205400D80DE9 /* SortDragTableViewTests.m in Sources */ = {isa = PBXBuildFile; fileRef = 1A189B2820E7205400D80DE9 /* SortDragTableViewTests.m */; };
		1A189B3420E7205400D80DE9 /* SortDragTableViewUITests.m in Sources */ = {isa = PBXBuildFile; fileRef = 1A189B3320E7205400D80DE9 /* SortDragTableViewUITests.m */; };
		1A189B4A20E7213700D80DE9 /* UIView+CreateUtils.m in Sources */ = {isa = PBXBuildFile; fileRef = 1A189B4620E7213700D80DE9 /* UIView+CreateUtils.m */; };
		1A189B4B20E7213700D80DE9 /* ViewController.m in Sources */ = {isa = PBXBuildFile; fileRef = 1A189B4820E7213700D80DE9 /* ViewController.m */; };
		1A189B4E20E7215300D80DE9 /* SortDragVC.m in Sources */ = {isa = PBXBuildFile; fileRef = 1A189B4D20E7215300D80DE9 /* SortDragVC.m */; };
		1A189B5120E7217100D80DE9 /* SortDragCell.m in Sources */ = {isa = PBXBuildFile; fileRef = 1A189B5020E7217100D80DE9 /* SortDragCell.m */; };
		1A189B5B20E7285900D80DE9 /* noSelectIcon@2x.png in Resources */ = {isa = PBXBuildFile; fileRef = 1A189B5320E7285800D80DE9 /* noSelectIcon@2x.png */; };
		1A189B5C20E7285900D80DE9 /* noSelectIcon@3x.png in Resources */ = {isa = PBXBuildFile; fileRef = 1A189B5420E7285800D80DE9 /* noSelectIcon@3x.png */; };
		1A189B5D20E7285900D80DE9 /* dragIcon@2x.png in Resources */ = {isa = PBXBuildFile; fileRef = 1A189B5520E7285800D80DE9 /* dragIcon@2x.png */; };
		1A189B5E20E7285900D80DE9 /* dragIcon@3x.png in Resources */ = {isa = PBXBuildFile; fileRef = 1A189B5620E7285800D80DE9 /* dragIcon@3x.png */; };
		1A189B5F20E7285900D80DE9 /* selectIcon@3x.png in Resources */ = {isa = PBXBuildFile; fileRef = 1A189B5720E7285800D80DE9 /* selectIcon@3x.png */; };
		1A189B6020E7285900D80DE9 /* selectIcon@2x.png in Resources */ = {isa = PBXBuildFile; fileRef = 1A189B5820E7285800D80DE9 /* selectIcon@2x.png */; };
		1A189B6120E7285900D80DE9 /* StickTop@2x.png in Resources */ = {isa = PBXBuildFile; fileRef = 1A189B5920E7285800D80DE9 /* StickTop@2x.png */; };
		1A189B6220E7285900D80DE9 /* StickTop@3x.png in Resources */ = {isa = PBXBuildFile; fileRef = 1A189B5A20E7285800D80DE9 /* StickTop@3x.png */; };
/* End PBXBuildFile section */

/* Begin PBXContainerItemProxy section */
		1A189B2520E7205400D80DE9 /* PBXContainerItemProxy */ = {
			isa = PBXContainerItemProxy;
			containerPortal = 1A189B0420E7205200D80DE9 /* Project object */;
			proxyType = 1;
			remoteGlobalIDString = 1A189B0B20E7205200D80DE9;
			remoteInfo = SortDragTableView;
		};
		1A189B3020E7205400D80DE9 /* PBXContainerItemProxy */ = {
			isa = PBXContainerItemProxy;
			containerPortal = 1A189B0420E7205200D80DE9 /* Project object */;
			proxyType = 1;
			remoteGlobalIDString = 1A189B0B20E7205200D80DE9;
			remoteInfo = SortDragTableView;
		};
/* End PBXContainerItemProxy section */

/* Begin PBXFileReference section */
		1A189B0C20E7205200D80DE9 /* SortDragTableView.app */ = {isa = PBXFileReference; explicitFileType = wrapper.application; includeInIndex = 0; path = SortDragTableView.app; sourceTree = BUILT_PRODUCTS_DIR; };
		1A189B0F20E7205200D80DE9 /* AppDelegate.h */ = {isa = PBXFileReference; lastKnownFileType = sourcecode.c.h; path = AppDelegate.h; sourceTree = "<group>"; };
		1A189B1020E7205200D80DE9 /* AppDelegate.m */ = {isa = PBXFileReference; lastKnownFileType = sourcecode.c.objc; path = AppDelegate.m; sourceTree = "<group>"; };
		1A189B1820E7205300D80DE9 /* Assets.xcassets */ = {isa = PBXFileReference; lastKnownFileType = folder.assetcatalog; path = Assets.xcassets; sourceTree = "<group>"; };
		1A189B1D20E7205300D80DE9 /* Info.plist */ = {isa = PBXFileReference; lastKnownFileType = text.plist.xml; path = Info.plist; sourceTree = "<group>"; };
		1A189B1E20E7205300D80DE9 /* main.m */ = {isa = PBXFileReference; lastKnownFileType = sourcecode.c.objc; path = main.m; sourceTree = "<group>"; };
		1A189B2420E7205400D80DE9 /* SortDragTableViewTests.xctest */ = {isa = PBXFileReference; explicitFileType = wrapper.cfbundle; includeInIndex = 0; path = SortDragTableViewTests.xctest; sourceTree = BUILT_PRODUCTS_DIR; };
		1A189B2820E7205400D80DE9 /* SortDragTableViewTests.m */ = {isa = PBXFileReference; lastKnownFileType = sourcecode.c.objc; path = SortDragTableViewTests.m; sourceTree = "<group>"; };
		1A189B2A20E7205400D80DE9 /* Info.plist */ = {isa = PBXFileReference; lastKnownFileType = text.plist.xml; path = Info.plist; sourceTree = "<group>"; };
		1A189B2F20E7205400D80DE9 /* SortDragTableViewUITests.xctest */ = {isa = PBXFileReference; explicitFileType = wrapper.cfbundle; includeInIndex = 0; path = SortDragTableViewUITests.xctest; sourceTree = BUILT_PRODUCTS_DIR; };
		1A189B3320E7205400D80DE9 /* SortDragTableViewUITests.m */ = {isa = PBXFileReference; lastKnownFileType = sourcecode.c.objc; path = SortDragTableViewUITests.m; sourceTree = "<group>"; };
		1A189B3520E7205400D80DE9 /* Info.plist */ = {isa = PBXFileReference; lastKnownFileType = text.plist.xml; path = Info.plist; sourceTree = "<group>"; };
		1A189B4520E7213700D80DE9 /* UIView+CreateUtils.h */ = {isa = PBXFileReference; fileEncoding = 4; lastKnownFileType = sourcecode.c.h; path = "UIView+CreateUtils.h"; sourceTree = "<group>"; };
		1A189B4620E7213700D80DE9 /* UIView+CreateUtils.m */ = {isa = PBXFileReference; fileEncoding = 4; lastKnownFileType = sourcecode.c.objc; path = "UIView+CreateUtils.m"; sourceTree = "<group>"; };
		1A189B4820E7213700D80DE9 /* ViewController.m */ = {isa = PBXFileReference; fileEncoding = 4; lastKnownFileType = sourcecode.c.objc; path = ViewController.m; sourceTree = "<group>"; };
		1A189B4920E7213700D80DE9 /* ViewController.h */ = {isa = PBXFileReference; fileEncoding = 4; lastKnownFileType = sourcecode.c.h; path = ViewController.h; sourceTree = "<group>"; };
		1A189B4C20E7215300D80DE9 /* SortDragVC.h */ = {isa = PBXFileReference; lastKnownFileType = sourcecode.c.h; path = SortDragVC.h; sourceTree = "<group>"; };
		1A189B4D20E7215300D80DE9 /* SortDragVC.m */ = {isa = PBXFileReference; lastKnownFileType = sourcecode.c.objc; path = SortDragVC.m; sourceTree = "<group>"; };
		1A189B4F20E7217100D80DE9 /* SortDragCell.h */ = {isa = PBXFileReference; lastKnownFileType = sourcecode.c.h; path = SortDragCell.h; sourceTree = "<group>"; };
		1A189B5020E7217100D80DE9 /* SortDragCell.m */ = {isa = PBXFileReference; lastKnownFileType = sourcecode.c.objc; path = SortDragCell.m; sourceTree = "<group>"; };
		1A189B5320E7285800D80DE9 /* noSelectIcon@2x.png */ = {isa = PBXFileReference; lastKnownFileType = image.png; path = "noSelectIcon@2x.png"; sourceTree = "<group>"; };
		1A189B5420E7285800D80DE9 /* noSelectIcon@3x.png */ = {isa = PBXFileReference; lastKnownFileType = image.png; path = "noSelectIcon@3x.png"; sourceTree = "<group>"; };
		1A189B5520E7285800D80DE9 /* dragIcon@2x.png */ = {isa = PBXFileReference; lastKnownFileType = image.png; path = "dragIcon@2x.png"; sourceTree = "<group>"; };
		1A189B5620E7285800D80DE9 /* dragIcon@3x.png */ = {isa = PBXFileReference; lastKnownFileType = image.png; path = "dragIcon@3x.png"; sourceTree = "<group>"; };
		1A189B5720E7285800D80DE9 /* selectIcon@3x.png */ = {isa = PBXFileReference; lastKnownFileType = image.png; path = "selectIcon@3x.png"; sourceTree = "<group>"; };
		1A189B5820E7285800D80DE9 /* selectIcon@2x.png */ = {isa = PBXFileReference; lastKnownFileType = image.png; path = "selectIcon@2x.png"; sourceTree = "<group>"; };
		1A189B5920E7285800D80DE9 /* StickTop@2x.png */ = {isa = PBXFileReference; lastKnownFileType = image.png; path = "StickTop@2x.png"; sourceTree = "<group>"; };
		1A189B5A20E7285800D80DE9 /* StickTop@3x.png */ = {isa = PBXFileReference; lastKnownFileType = image.png; path = "StickTop@3x.png"; sourceTree = "<group>"; };
/* End PBXFileReference section */

/* Begin PBXFrameworksBuildPhase section */
		1A189B0920E7205200D80DE9 /* Frameworks */ = {
			isa = PBXFrameworksBuildPhase;
			buildActionMask = 2147483647;
			files = (
			);
			runOnlyForDeploymentPostprocessing = 0;
		};
		1A189B2120E7205400D80DE9 /* Frameworks */ = {
			isa = PBXFrameworksBuildPhase;
			buildActionMask = 2147483647;
			files = (
			);
			runOnlyForDeploymentPostprocessing = 0;
		};
		1A189B2C20E7205400D80DE9 /* Frameworks */ = {
			isa = PBXFrameworksBuildPhase;
			buildActionMask = 2147483647;
			files = (
			);
			runOnlyForDeploymentPostprocessing = 0;
		};
/* End PBXFrameworksBuildPhase section */

/* Begin PBXGroup section */
		1A189B0320E7205200D80DE9 = {
			isa = PBXGroup;
			children = (
				1A189B0E20E7205200D80DE9 /* SortDragTableView */,
				1A189B2720E7205400D80DE9 /* SortDragTableViewTests */,
				1A189B3220E7205400D80DE9 /* SortDragTableViewUITests */,
				1A189B0D20E7205200D80DE9 /* Products */,
			);
			sourceTree = "<group>";
		};
		1A189B0D20E7205200D80DE9 /* Products */ = {
			isa = PBXGroup;
			children = (
				1A189B0C20E7205200D80DE9 /* SortDragTableView.app */,
				1A189B2420E7205400D80DE9 /* SortDragTableViewTests.xctest */,
				1A189B2F20E7205400D80DE9 /* SortDragTableViewUITests.xctest */,
			);
			name = Products;
			sourceTree = "<group>";
		};
		1A189B0E20E7205200D80DE9 /* SortDragTableView */ = {
			isa = PBXGroup;
			children = (
				1A189B5220E7285800D80DE9 /* images */,
				1A189B4720E7213700D80DE9 /* VC */,
				1A189B4420E7213700D80DE9 /* Views */,
				1A189B0F20E7205200D80DE9 /* AppDelegate.h */,
				1A189B1020E7205200D80DE9 /* AppDelegate.m */,
				1A189B1820E7205300D80DE9 /* Assets.xcassets */,
				1A189B1D20E7205300D80DE9 /* Info.plist */,
				1A189B1E20E7205300D80DE9 /* main.m */,
			);
			path = SortDragTableView;
			sourceTree = "<group>";
		};
		1A189B2720E7205400D80DE9 /* SortDragTableViewTests */ = {
			isa = PBXGroup;
			children = (
				1A189B2820E7205400D80DE9 /* SortDragTableViewTests.m */,
				1A189B2A20E7205400D80DE9 /* Info.plist */,
			);
			path = SortDragTableViewTests;
			sourceTree = "<group>";
		};
		1A189B3220E7205400D80DE9 /* SortDragTableViewUITests */ = {
			isa = PBXGroup;
			children = (
				1A189B3320E7205400D80DE9 /* SortDragTableViewUITests.m */,
				1A189B3520E7205400D80DE9 /* Info.plist */,
			);
			path = SortDragTableViewUITests;
			sourceTree = "<group>";
		};
		1A189B4420E7213700D80DE9 /* Views */ = {
			isa = PBXGroup;
			children = (
				1A189B4520E7213700D80DE9 /* UIView+CreateUtils.h */,
				1A189B4620E7213700D80DE9 /* UIView+CreateUtils.m */,
				1A189B4F20E7217100D80DE9 /* SortDragCell.h */,
				1A189B5020E7217100D80DE9 /* SortDragCell.m */,
			);
			path = Views;
			sourceTree = "<group>";
		};
		1A189B4720E7213700D80DE9 /* VC */ = {
			isa = PBXGroup;
			children = (
				1A189B4920E7213700D80DE9 /* ViewController.h */,
				1A189B4820E7213700D80DE9 /* ViewController.m */,
				1A189B4C20E7215300D80DE9 /* SortDragVC.h */,
				1A189B4D20E7215300D80DE9 /* SortDragVC.m */,
			);
			path = VC;
			sourceTree = "<group>";
		};
		1A189B5220E7285800D80DE9 /* images */ = {
			isa = PBXGroup;
			children = (
				1A189B5320E7285800D80DE9 /* noSelectIcon@2x.png */,
				1A189B5420E7285800D80DE9 /* noSelectIcon@3x.png */,
				1A189B5520E7285800D80DE9 /* dragIcon@2x.png */,
				1A189B5620E7285800D80DE9 /* dragIcon@3x.png */,
				1A189B5720E7285800D80DE9 /* selectIcon@3x.png */,
				1A189B5820E7285800D80DE9 /* selectIcon@2x.png */,
				1A189B5920E7285800D80DE9 /* StickTop@2x.png */,
				1A189B5A20E7285800D80DE9 /* StickTop@3x.png */,
			);
			path = images;
			sourceTree = "<group>";
		};
/* End PBXGroup section */

/* Begin PBXNativeTarget section */
		1A189B0B20E7205200D80DE9 /* SortDragTableView */ = {
			isa = PBXNativeTarget;
			buildConfigurationList = 1A189B3820E7205400D80DE9 /* Build configuration list for PBXNativeTarget "SortDragTableView" */;
			buildPhases = (
				1A189B0820E7205200D80DE9 /* Sources */,
				1A189B0920E7205200D80DE9 /* Frameworks */,
				1A189B0A20E7205200D80DE9 /* Resources */,
			);
			buildRules = (
			);
			dependencies = (
			);
			name = SortDragTableView;
			productName = SortDragTableView;
			productReference = 1A189B0C20E7205200D80DE9 /* SortDragTableView.app */;
			productType = "com.apple.product-type.application";
		};
		1A189B2320E7205400D80DE9 /* SortDragTableViewTests */ = {
			isa = PBXNativeTarget;
			buildConfigurationList = 1A189B3B20E7205400D80DE9 /* Build configuration list for PBXNativeTarget "SortDragTableViewTests" */;
			buildPhases = (
				1A189B2020E7205400D80DE9 /* Sources */,
				1A189B2120E7205400D80DE9 /* Frameworks */,
				1A189B2220E7205400D80DE9 /* Resources */,
			);
			buildRules = (
			);
			dependencies = (
				1A189B2620E7205400D80DE9 /* PBXTargetDependency */,
			);
			name = SortDragTableViewTests;
			productName = SortDragTableViewTests;
			productReference = 1A189B2420E7205400D80DE9 /* SortDragTableViewTests.xctest */;
			productType = "com.apple.product-type.bundle.unit-test";
		};
		1A189B2E20E7205400D80DE9 /* SortDragTableViewUITests */ = {
			isa = PBXNativeTarget;
			buildConfigurationList = 1A189B3E20E7205400D80DE9 /* Build configuration list for PBXNativeTarget "SortDragTableViewUITests" */;
			buildPhases = (
				1A189B2B20E7205400D80DE9 /* Sources */,
				1A189B2C20E7205400D80DE9 /* Frameworks */,
				1A189B2D20E7205400D80DE9 /* Resources */,
			);
			buildRules = (
			);
			dependencies = (
				1A189B3120E7205400D80DE9 /* PBXTargetDependency */,
			);
			name = SortDragTableViewUITests;
			productName = SortDragTableViewUITests;
			productReference = 1A189B2F20E7205400D80DE9 /* SortDragTableViewUITests.xctest */;
			productType = "com.apple.product-type.bundle.ui-testing";
		};
/* End PBXNativeTarget section */

/* Begin PBXProject section */
		1A189B0420E7205200D80DE9 /* Project object */ = {
			isa = PBXProject;
			attributes = {
				LastUpgradeCheck = 0940;
				ORGANIZATIONNAME = "秦国华";
				TargetAttributes = {
					1A189B0B20E7205200D80DE9 = {
						CreatedOnToolsVersion = 9.4.1;
					};
					1A189B2320E7205400D80DE9 = {
						CreatedOnToolsVersion = 9.4.1;
						TestTargetID = 1A189B0B20E7205200D80DE9;
					};
					1A189B2E20E7205400D80DE9 = {
						CreatedOnToolsVersion = 9.4.1;
						TestTargetID = 1A189B0B20E7205200D80DE9;
					};
				};
			};
			buildConfigurationList = 1A189B0720E7205200D80DE9 /* Build configuration list for PBXProject "SortDragTableView" */;
			compatibilityVersion = "Xcode 9.3";
			developmentRegion = en;
			hasScannedForEncodings = 0;
			knownRegions = (
				en,
				Base,
			);
			mainGroup = 1A189B0320E7205200D80DE9;
			productRefGroup = 1A189B0D20E7205200D80DE9 /* Products */;
			projectDirPath = "";
			projectRoot = "";
			targets = (
				1A189B0B20E7205200D80DE9 /* SortDragTableView */,
				1A189B2320E7205400D80DE9 /* SortDragTableViewTests */,
				1A189B2E20E7205400D80DE9 /* SortDragTableViewUITests */,
			);
		};
/* End PBXProject section */

/* Begin PBXResourcesBuildPhase section */
		1A189B0A20E7205200D80DE9 /* Resources */ = {
			isa = PBXResourcesBuildPhase;
			buildActionMask = 2147483647;
			files = (
				1A189B6020E7285900D80DE9 /* selectIcon@2x.png in Resources */,
				1A189B5F20E7285900D80DE9 /* selectIcon@3x.png in Resources */,
				1A189B5E20E7285900D80DE9 /* dragIcon@3x.png in Resources */,
				1A189B5B20E7285900D80DE9 /* noSelectIcon@2x.png in Resources */,
				1A189B5C20E7285900D80DE9 /* noSelectIcon@3x.png in Resources */,
				1A189B6120E7285900D80DE9 /* StickTop@2x.png in Resources */,
				1A189B1920E7205300D80DE9 /* Assets.xcassets in Resources */,
				1A189B5D20E7285900D80DE9 /* dragIcon@2x.png in Resources */,
				1A189B6220E7285900D80DE9 /* StickTop@3x.png in Resources */,
			);
			runOnlyForDeploymentPostprocessing = 0;
		};
		1A189B2220E7205400D80DE9 /* Resources */ = {
			isa = PBXResourcesBuildPhase;
			buildActionMask = 2147483647;
			files = (
			);
			runOnlyForDeploymentPostprocessing = 0;
		};
		1A189B2D20E7205400D80DE9 /* Resources */ = {
			isa = PBXResourcesBuildPhase;
			buildActionMask = 2147483647;
			files = (
			);
			runOnlyForDeploymentPostprocessing = 0;
		};
/* End PBXResourcesBuildPhase section */

/* Begin PBXSourcesBuildPhase section */
		1A189B0820E7205200D80DE9 /* Sources */ = {
			isa = PBXSourcesBuildPhase;
			buildActionMask = 2147483647;
			files = (
				1A189B4E20E7215300D80DE9 /* SortDragVC.m in Sources */,
				1A189B1F20E7205300D80DE9 /* main.m in Sources */,
				1A189B1120E7205200D80DE9 /* AppDelegate.m in Sources */,
				1A189B4B20E7213700D80DE9 /* ViewController.m in Sources */,
				1A189B4A20E7213700D80DE9 /* UIView+CreateUtils.m in Sources */,
				1A189B5120E7217100D80DE9 /* SortDragCell.m in Sources */,
			);
			runOnlyForDeploymentPostprocessing = 0;
		};
		1A189B2020E7205400D80DE9 /* Sources */ = {
			isa = PBXSourcesBuildPhase;
			buildActionMask = 2147483647;
			files = (
				1A189B2920E7205400D80DE9 /* SortDragTableViewTests.m in Sources */,
			);
			runOnlyForDeploymentPostprocessing = 0;
		};
		1A189B2B20E7205400D80DE9 /* Sources */ = {
			isa = PBXSourcesBuildPhase;
			buildActionMask = 2147483647;
			files = (
				1A189B3420E7205400D80DE9 /* SortDragTableViewUITests.m in Sources */,
			);
			runOnlyForDeploymentPostprocessing = 0;
		};
/* End PBXSourcesBuildPhase section */

/* Begin PBXTargetDependency section */
		1A189B2620E7205400D80DE9 /* PBXTargetDependency */ = {
			isa = PBXTargetDependency;
			target = 1A189B0B20E7205200D80DE9 /* SortDragTableView */;
			targetProxy = 1A189B2520E7205400D80DE9 /* PBXContainerItemProxy */;
		};
		1A189B3120E7205400D80DE9 /* PBXTargetDependency */ = {
			isa = PBXTargetDependency;
			target = 1A189B0B20E7205200D80DE9 /* SortDragTableView */;
			targetProxy = 1A189B3020E7205400D80DE9 /* PBXContainerItemProxy */;
		};
/* End PBXTargetDependency section */

/* Begin XCBuildConfiguration section */
		1A189B3620E7205400D80DE9 /* Debug */ = {
			isa = XCBuildConfiguration;
			buildSettings = {
				ALWAYS_SEARCH_USER_PATHS = NO;
				CLANG_ANALYZER_NONNULL = YES;
				CLANG_ANALYZER_NUMBER_OBJECT_CONVERSION = YES_AGGRESSIVE;
				CLANG_CXX_LANGUAGE_STANDARD = "gnu++14";
				CLANG_CXX_LIBRARY = "libc++";
				CLANG_ENABLE_MODULES = YES;
				CLANG_ENABLE_OBJC_ARC = YES;
				CLANG_ENABLE_OBJC_WEAK = YES;
				CLANG_WARN_BLOCK_CAPTURE_AUTORELEASING = YES;
				CLANG_WARN_BOOL_CONVERSION = YES;
				CLANG_WARN_COMMA = YES;
				CLANG_WARN_CONSTANT_CONVERSION = YES;
				CLANG_WARN_DEPRECATED_OBJC_IMPLEMENTATIONS = YES;
				CLANG_WARN_DIRECT_OBJC_ISA_USAGE = YES_ERROR;
				CLANG_WARN_DOCUMENTATION_COMMENTS = YES;
				CLANG_WARN_EMPTY_BODY = YES;
				CLANG_WARN_ENUM_CONVERSION = YES;
				CLANG_WARN_INFINITE_RECURSION = YES;
				CLANG_WARN_INT_CONVERSION = YES;
				CLANG_WARN_NON_LITERAL_NULL_CONVERSION = YES;
				CLANG_WARN_OBJC_IMPLICIT_RETAIN_SELF = YES;
				CLANG_WARN_OBJC_LITERAL_CONVERSION = YES;
				CLANG_WARN_OBJC_ROOT_CLASS = YES_ERROR;
				CLANG_WARN_RANGE_LOOP_ANALYSIS = YES;
				CLANG_WARN_STRICT_PROTOTYPES = YES;
				CLANG_WARN_SUSPICIOUS_MOVE = YES;
				CLANG_WARN_UNGUARDED_AVAILABILITY = YES_AGGRESSIVE;
				CLANG_WARN_UNREACHABLE_CODE = YES;
				CLANG_WARN__DUPLICATE_METHOD_MATCH = YES;
				CODE_SIGN_IDENTITY = "iPhone Developer";
				COPY_PHASE_STRIP = NO;
				DEBUG_INFORMATION_FORMAT = dwarf;
				ENABLE_STRICT_OBJC_MSGSEND = YES;
				ENABLE_TESTABILITY = YES;
				GCC_C_LANGUAGE_STANDARD = gnu11;
				GCC_DYNAMIC_NO_PIC = NO;
				GCC_NO_COMMON_BLOCKS = YES;
				GCC_OPTIMIZATION_LEVEL = 0;
				GCC_PREPROCESSOR_DEFINITIONS = (
					"DEBUG=1",
					"$(inherited)",
				);
				GCC_WARN_64_TO_32_BIT_CONVERSION = YES;
				GCC_WARN_ABOUT_RETURN_TYPE = YES_ERROR;
				GCC_WARN_UNDECLARED_SELECTOR = YES;
				GCC_WARN_UNINITIALIZED_AUTOS = YES_AGGRESSIVE;
				GCC_WARN_UNUSED_FUNCTION = YES;
				GCC_WARN_UNUSED_VARIABLE = YES;
				IPHONEOS_DEPLOYMENT_TARGET = 8.0;
				MTL_ENABLE_DEBUG_INFO = YES;
				ONLY_ACTIVE_ARCH = YES;
				SDKROOT = iphoneos;
			};
			name = Debug;
		};
		1A189B3720E7205400D80DE9 /* Release */ = {
			isa = XCBuildConfiguration;
			buildSettings = {
				ALWAYS_SEARCH_USER_PATHS = NO;
				CLANG_ANALYZER_NONNULL = YES;
				CLANG_ANALYZER_NUMBER_OBJECT_CONVERSION = YES_AGGRESSIVE;
				CLANG_CXX_LANGUAGE_STANDARD = "gnu++14";
				CLANG_CXX_LIBRARY = "libc++";
				CLANG_ENABLE_MODULES = YES;
				CLANG_ENABLE_OBJC_ARC = YES;
				CLANG_ENABLE_OBJC_WEAK = YES;
				CLANG_WARN_BLOCK_CAPTURE_AUTORELEASING = YES;
				CLANG_WARN_BOOL_CONVERSION = YES;
				CLANG_WARN_COMMA = YES;
				CLANG_WARN_CONSTANT_CONVERSION = YES;
				CLANG_WARN_DEPRECATED_OBJC_IMPLEMENTATIONS = YES;
				CLANG_WARN_DIRECT_OBJC_ISA_USAGE = YES_ERROR;
				CLANG_WARN_DOCUMENTATION_COMMENTS = YES;
				CLANG_WARN_EMPTY_BODY = YES;
				CLANG_WARN_ENUM_CONVERSION = YES;
				CLANG_WARN_INFINITE_RECURSION = YES;
				CLANG_WARN_INT_CONVERSION = YES;
				CLANG_WARN_NON_LITERAL_NULL_CONVERSION = YES;
				CLANG_WARN_OBJC_IMPLICIT_RETAIN_SELF = YES;
				CLANG_WARN_OBJC_LITERAL_CONVERSION = YES;
				CLANG_WARN_OBJC_ROOT_CLASS = YES_ERROR;
				CLANG_WARN_RANGE_LOOP_ANALYSIS = YES;
				CLANG_WARN_STRICT_PROTOTYPES = YES;
				CLANG_WARN_SUSPICIOUS_MOVE = YES;
				CLANG_WARN_UNGUARDED_AVAILABILITY = YES_AGGRESSIVE;
				CLANG_WARN_UNREACHABLE_CODE = YES;
				CLANG_WARN__DUPLICATE_METHOD_MATCH = YES;
				CODE_SIGN_IDENTITY = "iPhone Developer";
				COPY_PHASE_STRIP = NO;
				DEBUG_INFORMATION_FORMAT = "dwarf-with-dsym";
				ENABLE_NS_ASSERTIONS = NO;
				ENABLE_STRICT_OBJC_MSGSEND = YES;
				GCC_C_LANGUAGE_STANDARD = gnu11;
				GCC_NO_COMMON_BLOCKS = YES;
				GCC_WARN_64_TO_32_BIT_CONVERSION = YES;
				GCC_WARN_ABOUT_RETURN_TYPE = YES_ERROR;
				GCC_WARN_UNDECLARED_SELECTOR = YES;
				GCC_WARN_UNINITIALIZED_AUTOS = YES_AGGRESSIVE;
				GCC_WARN_UNUSED_FUNCTION = YES;
				GCC_WARN_UNUSED_VARIABLE = YES;
				IPHONEOS_DEPLOYMENT_TARGET = 8.0;
				MTL_ENABLE_DEBUG_INFO = NO;
				SDKROOT = iphoneos;
				VALIDATE_PRODUCT = YES;
			};
			name = Release;
		};
		1A189B3920E7205400D80DE9 /* Debug */ = {
			isa = XCBuildConfiguration;
			buildSettings = {
				ASSETCATALOG_COMPILER_APPICON_NAME = AppIcon;
				CODE_SIGN_STYLE = Automatic;
				DEVELOPMENT_TEAM = 7QWDXARLD3;
				INFOPLIST_FILE = SortDragTableView/Info.plist;
				IPHONEOS_DEPLOYMENT_TARGET = 8.0;
				LD_RUNPATH_SEARCH_PATHS = (
					"$(inherited)",
					"@executable_path/Frameworks",
				);
				PRODUCT_BUNDLE_IDENTIFIER = project.zhuhua.test;
				PRODUCT_NAME = "$(TARGET_NAME)";
				TARGETED_DEVICE_FAMILY = 1;
			};
			name = Debug;
		};
		1A189B3A20E7205400D80DE9 /* Release */ = {
			isa = XCBuildConfiguration;
			buildSettings = {
				ASSETCATALOG_COMPILER_APPICON_NAME = AppIcon;
				CODE_SIGN_STYLE = Automatic;
				DEVELOPMENT_TEAM = 7QWDXARLD3;
				INFOPLIST_FILE = SortDragTableView/Info.plist;
				IPHONEOS_DEPLOYMENT_TARGET = 8.0;
				LD_RUNPATH_SEARCH_PATHS = (
					"$(inherited)",
					"@executable_path/Frameworks",
				);
				PRODUCT_BUNDLE_IDENTIFIER = project.zhuhua.test;
				PRODUCT_NAME = "$(TARGET_NAME)";
				TARGETED_DEVICE_FAMILY = 1;
			};
			name = Release;
		};
		1A189B3C20E7205400D80DE9 /* Debug */ = {
			isa = XCBuildConfiguration;
			buildSettings = {
				BUNDLE_LOADER = "$(TEST_HOST)";
				CODE_SIGN_STYLE = Automatic;
				INFOPLIST_FILE = SortDragTableViewTests/Info.plist;
				LD_RUNPATH_SEARCH_PATHS = (
					"$(inherited)",
					"@executable_path/Frameworks",
					"@loader_path/Frameworks",
				);
				PRODUCT_BUNDLE_IDENTIFIER = guohua.SortDragTableViewTests;
				PRODUCT_NAME = "$(TARGET_NAME)";
				TARGETED_DEVICE_FAMILY = "1,2";
				TEST_HOST = "$(BUILT_PRODUCTS_DIR)/SortDragTableView.app/SortDragTableView";
			};
			name = Debug;
		};
		1A189B3D20E7205400D80DE9 /* Release */ = {
			isa = XCBuildConfiguration;
			buildSettings = {
				BUNDLE_LOADER = "$(TEST_HOST)";
				CODE_SIGN_STYLE = Automatic;
				INFOPLIST_FILE = SortDragTableViewTests/Info.plist;
				LD_RUNPATH_SEARCH_PATHS = (
					"$(inherited)",
					"@executable_path/Frameworks",
					"@loader_path/Frameworks",
				);
				PRODUCT_BUNDLE_IDENTIFIER = guohua.SortDragTableViewTests;
				PRODUCT_NAME = "$(TARGET_NAME)";
				TARGETED_DEVICE_FAMILY = "1,2";
				TEST_HOST = "$(BUILT_PRODUCTS_DIR)/SortDragTableView.app/SortDragTableView";
			};
			name = Release;
		};
		1A189B3F20E7205400D80DE9 /* Debug */ = {
			isa = XCBuildConfiguration;
			buildSettings = {
				CODE_SIGN_STYLE = Automatic;
				INFOPLIST_FILE = SortDragTableViewUITests/Info.plist;
				LD_RUNPATH_SEARCH_PATHS = (
					"$(inherited)",
					"@executable_path/Frameworks",
					"@loader_path/Frameworks",
				);
				PRODUCT_BUNDLE_IDENTIFIER = guohua.SortDragTableViewUITests;
				PRODUCT_NAME = "$(TARGET_NAME)";
				TARGETED_DEVICE_FAMILY = "1,2";
				TEST_TARGET_NAME = SortDragTableView;
			};
			name = Debug;
		};
		1A189B4020E7205400D80DE9 /* Release */ = {
			isa = XCBuildConfiguration;
			buildSettings = {
				CODE_SIGN_STYLE = Automatic;
				INFOPLIST_FILE = SortDragTableViewUITests/Info.plist;
				LD_RUNPATH_SEARCH_PATHS = (
					"$(inherited)",
					"@executable_path/Frameworks",
					"@loader_path/Frameworks",
				);
				PRODUCT_BUNDLE_IDENTIFIER = guohua.SortDragTableViewUITests;
				PRODUCT_NAME = "$(TARGET_NAME)";
				TARGETED_DEVICE_FAMILY = "1,2";
				TEST_TARGET_NAME = SortDragTableView;
			};
			name = Release;
		};
/* End XCBuildConfiguration section */

/* Begin XCConfigurationList section */
		1A189B0720E7205200D80DE9 /* Build configuration list for PBXProject "SortDragTableView" */ = {
			isa = XCConfigurationList;
			buildConfigurations = (
				1A189B3620E7205400D80DE9 /* Debug */,
				1A189B3720E7205400D80DE9 /* Release */,
			);
			defaultConfigurationIsVisible = 0;
			defaultConfigurationName = Release;
		};
		1A189B3820E7205400D80DE9 /* Build configuration list for PBXNativeTarget "SortDragTableView" */ = {
			isa = XCConfigurationList;
			buildConfigurations = (
				1A189B3920E7205400D80DE9 /* Debug */,
				1A189B3A20E7205400D80DE9 /* Release */,
			);
			defaultConfigurationIsVisible = 0;
			defaultConfigurationName = Release;
		};
		1A189B3B20E7205400D80DE9 /* Build configuration list for PBXNativeTarget "SortDragTableViewTests" */ = {
			isa = XCConfigurationList;
			buildConfigurations = (
				1A189B3C20E7205400D80DE9 /* Debug */,
				1A189B3D20E7205400D80DE9 /* Release */,
			);
			defaultConfigurationIsVisible = 0;
			defaultConfigurationName = Release;
		};
		1A189B3E20E7205400D80DE9 /* Build configuration list for PBXNativeTarget "SortDragTableViewUITests" */ = {
			isa = XCConfigurationList;
			buildConfigurations = (
				1A189B3F20E7205400D80DE9 /* Debug */,
				1A189B4020E7205400D80DE9 /* Release */,
			);
			defaultConfigurationIsVisible = 0;
			defaultConfigurationName = Release;
		};
/* End XCConfigurationList section */
	};
	rootObject = 1A189B0420E7205200D80DE9 /* Project object */;
}
